
Microsoft Visual Studio Solution File, Format Version 12.00
# Visual Studio Version 16
VisualStudioVersion = 16.0.32413.511
MinimumVisualStudioVersion = 10.0.40219.1
Project("{FAE04EC0-301F-11D3-BF4B-00C04F79EFBC}") = "OperadoresRelatorio", "PDF\OperadoresRelatorio.csproj", "{AAF891BC-FF00-4368-8986-46ED3CEB4E77}"
EndProject
Global
	GlobalSection(SolutionConfigurationPlatforms) = preSolution
		Debug|Any CPU = Debug|Any CPU
		Release|Any CPU = Release|Any CPU
	EndGlobalSection
	GlobalSection(ProjectConfigurationPlatforms) = postSolution
		{AAF891BC-FF00-4368-8986-46ED3CEB4E77}.Debug|Any CPU.ActiveCfg = Debug|Any CPU
		{AAF891BC-FF00-4368-8986-46ED3CEB4E77}.Debug|Any CPU.Build.0 = Debug|Any CPU
		{AAF891BC-FF00-4368-8986-46ED3CEB4E77}.Release|Any CPU.ActiveCfg = Release|Any CPU
		{AAF891BC-FF00-4368-8986-46ED3CEB4E77}.Release|Any CPU.Build.0 = Release|Any CPU
	EndGlobalSection
	GlobalSection(SolutionProperties) = preSolution
		HideSolutionNode = FALSE
	EndGlobalSection
	GlobalSection(ExtensibilityGlobals) = postSolution
		SolutionGuid = {6F2555BB-0B63-41E0-AB58-D02FFDF785B9}
	EndGlobalSection
EndGlobal
